{
  "nodes": {
    "nixpkgs": {
      "locked": {
        "narHash": "sha256-iHZSGrb9gVpZRR4B2ishUN/1LRKWtSHZNO37C8z1SmA=",
        "rev": "5d017a8822e0907fb96f7700a319f9fe2434de02",
        "revCount": 490944,
        "type": "tarball",
        "url": "https://api.flakehub.com/f/pinned/NixOS/nixpkgs/0.2305.490944%2Brev-5d017a8822e0907fb96f7700a319f9fe2434de02/018aa434-611a-7f20-a375-98bb21aa8c9d/source.tar.gz"
      },
      "original": {
        "type": "tarball",
        "url": "https://flakehub.com/f/NixOS/nixpkgs/%2A.tar.gz"
      }
    },
    "root": {
      "inputs": {
        "nixpkgs": "nixpkgs"
      }
    }
  },
  "root": "root",
  "version": 7
}
